// !$*UTF8*$!
{
	archiveVersion = 1;
	classes = {
	};
	objectVersion = 50;
	objects = {

/* Begin PBXBuildFile section */
		6CCCA0445CACE6C445D58F7E /* Pods_podcastUITests.framework in Frameworks */ = {isa = PBXBuildFile; fileRef = 4A5B9D87BE3EB769690A134C /* Pods_podcastUITests.framework */; };
		75F69614E43655F2ACC3AD0F /* Pods_podcast.framework in Frameworks */ = {isa = PBXBuildFile; fileRef = 1384C9D3F53193EFA97620A6 /* Pods_podcast.framework */; };
		C6FCE8A3EB4D05FDF45B812D /* Pods_podcastTests.framework in Frameworks */ = {isa = PBXBuildFile; fileRef = 8DF8E4DB8CA6937C4C21DC84 /* Pods_podcastTests.framework */; };
		F611F8A320FD8C8D00A086DC /* UploadAudioViewController.swift in Sources */ = {isa = PBXBuildFile; fileRef = F611F8A220FD8C8D00A086DC /* UploadAudioViewController.swift */; };
		F66FE15F210026780042CCA9 /* SignupViewController.swift in Sources */ = {isa = PBXBuildFile; fileRef = F66FE15E210026780042CCA9 /* SignupViewController.swift */; };
		F68B57B520F43987009A0001 /* AppDelegate.swift in Sources */ = {isa = PBXBuildFile; fileRef = F68B57B420F43987009A0001 /* AppDelegate.swift */; };
		F68B57B720F43987009A0001 /* ViewController.swift in Sources */ = {isa = PBXBuildFile; fileRef = F68B57B620F43987009A0001 /* ViewController.swift */; };
		F68B57BA20F43987009A0001 /* Main.storyboard in Resources */ = {isa = PBXBuildFile; fileRef = F68B57B820F43987009A0001 /* Main.storyboard */; };
		F68B57BC20F43989009A0001 /* Assets.xcassets in Resources */ = {isa = PBXBuildFile; fileRef = F68B57BB20F43989009A0001 /* Assets.xcassets */; };
		F68B57BF20F43989009A0001 /* LaunchScreen.storyboard in Resources */ = {isa = PBXBuildFile; fileRef = F68B57BD20F43989009A0001 /* LaunchScreen.storyboard */; };
		F68B57CA20F43989009A0001 /* podcastTests.swift in Sources */ = {isa = PBXBuildFile; fileRef = F68B57C920F43989009A0001 /* podcastTests.swift */; };
		F68B57D520F43989009A0001 /* podcastUITests.swift in Sources */ = {isa = PBXBuildFile; fileRef = F68B57D420F43989009A0001 /* podcastUITests.swift */; };
		F68B57E320F43A7A009A0001 /* GoogleService-Info.plist in Resources */ = {isa = PBXBuildFile; fileRef = F68B57E220F43A7A009A0001 /* GoogleService-Info.plist */; };
		F68B57E420F43A7A009A0001 /* GoogleService-Info.plist in Resources */ = {isa = PBXBuildFile; fileRef = F68B57E220F43A7A009A0001 /* GoogleService-Info.plist */; };
		F68B57E520F43A7A009A0001 /* GoogleService-Info.plist in Resources */ = {isa = PBXBuildFile; fileRef = F68B57E220F43A7A009A0001 /* GoogleService-Info.plist */; };
		F6E1005420F447B2009A9CE9 /* PodcastTableViewCell.swift in Sources */ = {isa = PBXBuildFile; fileRef = F6E1005320F447B2009A9CE9 /* PodcastTableViewCell.swift */; };
		F6E1005620F452FA009A9CE9 /* PodcastsTableViewController.swift in Sources */ = {isa = PBXBuildFile; fileRef = F6E1005520F452FA009A9CE9 /* PodcastsTableViewController.swift */; };
/* End PBXBuildFile section */

/* Begin PBXContainerItemProxy section */
		F68B57C620F43989009A0001 /* PBXContainerItemProxy */ = {
			isa = PBXContainerItemProxy;
			containerPortal = F68B57A920F43987009A0001 /* Project object */;
			proxyType = 1;
			remoteGlobalIDString = F68B57B020F43987009A0001;
			remoteInfo = podcast;
		};
		F68B57D120F43989009A0001 /* PBXContainerItemProxy */ = {
			isa = PBXContainerItemProxy;
			containerPortal = F68B57A920F43987009A0001 /* Project object */;
			proxyType = 1;
			remoteGlobalIDString = F68B57B020F43987009A0001;
			remoteInfo = podcast;
		};
/* End PBXContainerItemProxy section */

/* Begin PBXFileReference section */
		1384C9D3F53193EFA97620A6 /* Pods_podcast.framework */ = {isa = PBXFileReference; explicitFileType = wrapper.framework; includeInIndex = 0; path = Pods_podcast.framework; sourceTree = BUILT_PRODUCTS_DIR; };
		4A5B9D87BE3EB769690A134C /* Pods_podcastUITests.framework */ = {isa = PBXFileReference; explicitFileType = wrapper.framework; includeInIndex = 0; path = Pods_podcastUITests.framework; sourceTree = BUILT_PRODUCTS_DIR; };
		61204EF17EC06637D76F6F37 /* Pods-podcast.release.xcconfig */ = {isa = PBXFileReference; includeInIndex = 1; lastKnownFileType = text.xcconfig; name = "Pods-podcast.release.xcconfig"; path = "Pods/Target Support Files/Pods-podcast/Pods-podcast.release.xcconfig"; sourceTree = "<group>"; };
		755466618E28E11963183E4E /* Pods-podcastTests.release.xcconfig */ = {isa = PBXFileReference; includeInIndex = 1; lastKnownFileType = text.xcconfig; name = "Pods-podcastTests.release.xcconfig"; path = "Pods/Target Support Files/Pods-podcastTests/Pods-podcastTests.release.xcconfig"; sourceTree = "<group>"; };
		8DF8E4DB8CA6937C4C21DC84 /* Pods_podcastTests.framework */ = {isa = PBXFileReference; explicitFileType = wrapper.framework; includeInIndex = 0; path = Pods_podcastTests.framework; sourceTree = BUILT_PRODUCTS_DIR; };
		92EF01890AEABCBFED7F1EB5 /* Pods-podcast.debug.xcconfig */ = {isa = PBXFileReference; includeInIndex = 1; lastKnownFileType = text.xcconfig; name = "Pods-podcast.debug.xcconfig"; path = "Pods/Target Support Files/Pods-podcast/Pods-podcast.debug.xcconfig"; sourceTree = "<group>"; };
		9BAB9B2AECCA3D8D670CDAFF /* Pods-podcastUITests.release.xcconfig */ = {isa = PBXFileReference; includeInIndex = 1; lastKnownFileType = text.xcconfig; name = "Pods-podcastUITests.release.xcconfig"; path = "Pods/Target Support Files/Pods-podcastUITests/Pods-podcastUITests.release.xcconfig"; sourceTree = "<group>"; };
		D2759DC53515887C1B50A347 /* Pods-podcastUITests.debug.xcconfig */ = {isa = PBXFileReference; includeInIndex = 1; lastKnownFileType = text.xcconfig; name = "Pods-podcastUITests.debug.xcconfig"; path = "Pods/Target Support Files/Pods-podcastUITests/Pods-podcastUITests.debug.xcconfig"; sourceTree = "<group>"; };
		ED548FCD10F875B58B1FD138 /* Pods-podcastTests.debug.xcconfig */ = {isa = PBXFileReference; includeInIndex = 1; lastKnownFileType = text.xcconfig; name = "Pods-podcastTests.debug.xcconfig"; path = "Pods/Target Support Files/Pods-podcastTests/Pods-podcastTests.debug.xcconfig"; sourceTree = "<group>"; };
		F611F8A220FD8C8D00A086DC /* UploadAudioViewController.swift */ = {isa = PBXFileReference; lastKnownFileType = sourcecode.swift; path = UploadAudioViewController.swift; sourceTree = "<group>"; };
		F66FE15E210026780042CCA9 /* SignupViewController.swift */ = {isa = PBXFileReference; lastKnownFileType = sourcecode.swift; path = SignupViewController.swift; sourceTree = "<group>"; };
		F68B57B120F43987009A0001 /* podcast.app */ = {isa = PBXFileReference; explicitFileType = wrapper.application; includeInIndex = 0; path = podcast.app; sourceTree = BUILT_PRODUCTS_DIR; };
		F68B57B420F43987009A0001 /* AppDelegate.swift */ = {isa = PBXFileReference; lastKnownFileType = sourcecode.swift; path = AppDelegate.swift; sourceTree = "<group>"; };
		F68B57B620F43987009A0001 /* ViewController.swift */ = {isa = PBXFileReference; lastKnownFileType = sourcecode.swift; path = ViewController.swift; sourceTree = "<group>"; };
		F68B57B920F43987009A0001 /* Base */ = {isa = PBXFileReference; lastKnownFileType = file.storyboard; name = Base; path = Base.lproj/Main.storyboard; sourceTree = "<group>"; };
		F68B57BB20F43989009A0001 /* Assets.xcassets */ = {isa = PBXFileReference; lastKnownFileType = folder.assetcatalog; path = Assets.xcassets; sourceTree = "<group>"; };
		F68B57BE20F43989009A0001 /* Base */ = {isa = PBXFileReference; lastKnownFileType = file.storyboard; name = Base; path = Base.lproj/LaunchScreen.storyboard; sourceTree = "<group>"; };
		F68B57C020F43989009A0001 /* Info.plist */ = {isa = PBXFileReference; lastKnownFileType = text.plist.xml; path = Info.plist; sourceTree = "<group>"; };
		F68B57C520F43989009A0001 /* podcastTests.xctest */ = {isa = PBXFileReference; explicitFileType = wrapper.cfbundle; includeInIndex = 0; path = podcastTests.xctest; sourceTree = BUILT_PRODUCTS_DIR; };
		F68B57C920F43989009A0001 /* podcastTests.swift */ = {isa = PBXFileReference; lastKnownFileType = sourcecode.swift; path = podcastTests.swift; sourceTree = "<group>"; };
		F68B57CB20F43989009A0001 /* Info.plist */ = {isa = PBXFileReference; lastKnownFileType = text.plist.xml; path = Info.plist; sourceTree = "<group>"; };
		F68B57D020F43989009A0001 /* podcastUITests.xctest */ = {isa = PBXFileReference; explicitFileType = wrapper.cfbundle; includeInIndex = 0; path = podcastUITests.xctest; sourceTree = BUILT_PRODUCTS_DIR; };
		F68B57D420F43989009A0001 /* podcastUITests.swift */ = {isa = PBXFileReference; lastKnownFileType = sourcecode.swift; path = podcastUITests.swift; sourceTree = "<group>"; };
		F68B57D620F43989009A0001 /* Info.plist */ = {isa = PBXFileReference; lastKnownFileType = text.plist.xml; path = Info.plist; sourceTree = "<group>"; };
		F68B57E220F43A7A009A0001 /* GoogleService-Info.plist */ = {isa = PBXFileReference; fileEncoding = 4; lastKnownFileType = text.plist.xml; path = "GoogleService-Info.plist"; sourceTree = "<group>"; };
		F6E1005320F447B2009A9CE9 /* PodcastTableViewCell.swift */ = {isa = PBXFileReference; lastKnownFileType = sourcecode.swift; path = PodcastTableViewCell.swift; sourceTree = "<group>"; };
		F6E1005520F452FA009A9CE9 /* PodcastsTableViewController.swift */ = {isa = PBXFileReference; lastKnownFileType = sourcecode.swift; path = PodcastsTableViewController.swift; sourceTree = "<group>"; };
/* End PBXFileReference section */

/* Begin PBXFrameworksBuildPhase section */
		F68B57AE20F43987009A0001 /* Frameworks */ = {
			isa = PBXFrameworksBuildPhase;
			buildActionMask = 2147483647;
			files = (
				75F69614E43655F2ACC3AD0F /* Pods_podcast.framework in Frameworks */,
			);
			runOnlyForDeploymentPostprocessing = 0;
		};
		F68B57C220F43989009A0001 /* Frameworks */ = {
			isa = PBXFrameworksBuildPhase;
			buildActionMask = 2147483647;
			files = (
				C6FCE8A3EB4D05FDF45B812D /* Pods_podcastTests.framework in Frameworks */,
			);
			runOnlyForDeploymentPostprocessing = 0;
		};
		F68B57CD20F43989009A0001 /* Frameworks */ = {
			isa = PBXFrameworksBuildPhase;
			buildActionMask = 2147483647;
			files = (
				6CCCA0445CACE6C445D58F7E /* Pods_podcastUITests.framework in Frameworks */,
			);
			runOnlyForDeploymentPostprocessing = 0;
		};
/* End PBXFrameworksBuildPhase section */

/* Begin PBXGroup section */
		74A604561D99A07358DC873B /* Pods */ = {
			isa = PBXGroup;
			children = (
				92EF01890AEABCBFED7F1EB5 /* Pods-podcast.debug.xcconfig */,
				61204EF17EC06637D76F6F37 /* Pods-podcast.release.xcconfig */,
				ED548FCD10F875B58B1FD138 /* Pods-podcastTests.debug.xcconfig */,
				755466618E28E11963183E4E /* Pods-podcastTests.release.xcconfig */,
				D2759DC53515887C1B50A347 /* Pods-podcastUITests.debug.xcconfig */,
				9BAB9B2AECCA3D8D670CDAFF /* Pods-podcastUITests.release.xcconfig */,
			);
			name = Pods;
			sourceTree = "<group>";
		};
		C0E5D8B6A636845729E9D9B3 /* Frameworks */ = {
			isa = PBXGroup;
			children = (
				1384C9D3F53193EFA97620A6 /* Pods_podcast.framework */,
				8DF8E4DB8CA6937C4C21DC84 /* Pods_podcastTests.framework */,
				4A5B9D87BE3EB769690A134C /* Pods_podcastUITests.framework */,
			);
			name = Frameworks;
			sourceTree = "<group>";
		};
		F68B57A820F43987009A0001 = {
			isa = PBXGroup;
			children = (
				F68B57B320F43987009A0001 /* podcast */,
				F68B57C820F43989009A0001 /* podcastTests */,
				F68B57D320F43989009A0001 /* podcastUITests */,
				F68B57B220F43987009A0001 /* Products */,
				74A604561D99A07358DC873B /* Pods */,
				C0E5D8B6A636845729E9D9B3 /* Frameworks */,
			);
			sourceTree = "<group>";
		};
		F68B57B220F43987009A0001 /* Products */ = {
			isa = PBXGroup;
			children = (
				F68B57B120F43987009A0001 /* podcast.app */,
				F68B57C520F43989009A0001 /* podcastTests.xctest */,
				F68B57D020F43989009A0001 /* podcastUITests.xctest */,
			);
			name = Products;
			sourceTree = "<group>";
		};
		F68B57B320F43987009A0001 /* podcast */ = {
			isa = PBXGroup;
			children = (
				F68B57B420F43987009A0001 /* AppDelegate.swift */,
				F611F8A220FD8C8D00A086DC /* UploadAudioViewController.swift */,
				F68B57B620F43987009A0001 /* ViewController.swift */,
				F6E1005320F447B2009A9CE9 /* PodcastTableViewCell.swift */,
				F6E1005520F452FA009A9CE9 /* PodcastsTableViewController.swift */,
				F66FE15E210026780042CCA9 /* SignupViewController.swift */,
				F68B57BB20F43989009A0001 /* Assets.xcassets */,
				F68B57B820F43987009A0001 /* Main.storyboard */,
				F68B57BD20F43989009A0001 /* LaunchScreen.storyboard */,
				F68B57E220F43A7A009A0001 /* GoogleService-Info.plist */,
				F68B57C020F43989009A0001 /* Info.plist */,
			);
			path = podcast;
			sourceTree = "<group>";
		};
		F68B57C820F43989009A0001 /* podcastTests */ = {
			isa = PBXGroup;
			children = (
				F68B57C920F43989009A0001 /* podcastTests.swift */,
				F68B57CB20F43989009A0001 /* Info.plist */,
			);
			path = podcastTests;
			sourceTree = "<group>";
		};
		F68B57D320F43989009A0001 /* podcastUITests */ = {
			isa = PBXGroup;
			children = (
				F68B57D420F43989009A0001 /* podcastUITests.swift */,
				F68B57D620F43989009A0001 /* Info.plist */,
			);
			path = podcastUITests;
			sourceTree = "<group>";
		};
/* End PBXGroup section */

/* Begin PBXNativeTarget section */
		F68B57B020F43987009A0001 /* podcast */ = {
			isa = PBXNativeTarget;
			buildConfigurationList = F68B57D920F43989009A0001 /* Build configuration list for PBXNativeTarget "podcast" */;
			buildPhases = (
				9F9436C38AF354BDF4B64297 /* [CP] Check Pods Manifest.lock */,
				F68B57AD20F43987009A0001 /* Sources */,
				F68B57AE20F43987009A0001 /* Frameworks */,
				F68B57AF20F43987009A0001 /* Resources */,
				13681BA93576E385871C396D /* [CP] Embed Pods Frameworks */,
				79A7F7DDBB9C967EA0AD3D90 /* [CP] Copy Pods Resources */,
			);
			buildRules = (
			);
			dependencies = (
			);
			name = podcast;
			productName = podcast;
			productReference = F68B57B120F43987009A0001 /* podcast.app */;
			productType = "com.apple.product-type.application";
		};
		F68B57C420F43989009A0001 /* podcastTests */ = {
			isa = PBXNativeTarget;
			buildConfigurationList = F68B57DC20F43989009A0001 /* Build configuration list for PBXNativeTarget "podcastTests" */;
			buildPhases = (
				7AD60DA565E3713E891FFF3E /* [CP] Check Pods Manifest.lock */,
				F68B57C120F43989009A0001 /* Sources */,
				F68B57C220F43989009A0001 /* Frameworks */,
				F68B57C320F43989009A0001 /* Resources */,
			);
			buildRules = (
			);
			dependencies = (
				F68B57C720F43989009A0001 /* PBXTargetDependency */,
			);
			name = podcastTests;
			productName = podcastTests;
			productReference = F68B57C520F43989009A0001 /* podcastTests.xctest */;
			productType = "com.apple.product-type.bundle.unit-test";
		};
		F68B57CF20F43989009A0001 /* podcastUITests */ = {
			isa = PBXNativeTarget;
			buildConfigurationList = F68B57DF20F43989009A0001 /* Build configuration list for PBXNativeTarget "podcastUITests" */;
			buildPhases = (
				549CC4F4FF0711041709B5A8 /* [CP] Check Pods Manifest.lock */,
				F68B57CC20F43989009A0001 /* Sources */,
				F68B57CD20F43989009A0001 /* Frameworks */,
				F68B57CE20F43989009A0001 /* Resources */,
			);
			buildRules = (
			);
			dependencies = (
				F68B57D220F43989009A0001 /* PBXTargetDependency */,
			);
			name = podcastUITests;
			productName = podcastUITests;
			productReference = F68B57D020F43989009A0001 /* podcastUITests.xctest */;
			productType = "com.apple.product-type.bundle.ui-testing";
		};
/* End PBXNativeTarget section */

/* Begin PBXProject section */
		F68B57A920F43987009A0001 /* Project object */ = {
			isa = PBXProject;
			attributes = {
				LastSwiftUpdateCheck = 0940;
				LastUpgradeCheck = 0940;
				ORGANIZATIONNAME = "David Faliskie";
				TargetAttributes = {
					F68B57B020F43987009A0001 = {
						CreatedOnToolsVersion = 9.4.1;
					};
					F68B57C420F43989009A0001 = {
						CreatedOnToolsVersion = 9.4.1;
						TestTargetID = F68B57B020F43987009A0001;
					};
					F68B57CF20F43989009A0001 = {
						CreatedOnToolsVersion = 9.4.1;
						TestTargetID = F68B57B020F43987009A0001;
					};
				};
			};
			buildConfigurationList = F68B57AC20F43987009A0001 /* Build configuration list for PBXProject "podcast" */;
			compatibilityVersion = "Xcode 9.3";
			developmentRegion = en;
			hasScannedForEncodings = 0;
			knownRegions = (
				en,
				Base,
			);
			mainGroup = F68B57A820F43987009A0001;
			productRefGroup = F68B57B220F43987009A0001 /* Products */;
			projectDirPath = "";
			projectRoot = "";
			targets = (
				F68B57B020F43987009A0001 /* podcast */,
				F68B57C420F43989009A0001 /* podcastTests */,
				F68B57CF20F43989009A0001 /* podcastUITests */,
			);
		};
/* End PBXProject section */

/* Begin PBXResourcesBuildPhase section */
		F68B57AF20F43987009A0001 /* Resources */ = {
			isa = PBXResourcesBuildPhase;
			buildActionMask = 2147483647;
			files = (
				F68B57BF20F43989009A0001 /* LaunchScreen.storyboard in Resources */,
				F68B57E320F43A7A009A0001 /* GoogleService-Info.plist in Resources */,
				F68B57BC20F43989009A0001 /* Assets.xcassets in Resources */,
				F68B57BA20F43987009A0001 /* Main.storyboard in Resources */,
			);
			runOnlyForDeploymentPostprocessing = 0;
		};
		F68B57C320F43989009A0001 /* Resources */ = {
			isa = PBXResourcesBuildPhase;
			buildActionMask = 2147483647;
			files = (
				F68B57E420F43A7A009A0001 /* GoogleService-Info.plist in Resources */,
			);
			runOnlyForDeploymentPostprocessing = 0;
		};
		F68B57CE20F43989009A0001 /* Resources */ = {
			isa = PBXResourcesBuildPhase;
			buildActionMask = 2147483647;
			files = (
				F68B57E520F43A7A009A0001 /* GoogleService-Info.plist in Resources */,
			);
			runOnlyForDeploymentPostprocessing = 0;
		};
/* End PBXResourcesBuildPhase section */

/* Begin PBXShellScriptBuildPhase section */
		13681BA93576E385871C396D /* [CP] Embed Pods Frameworks */ = {
			isa = PBXShellScriptBuildPhase;
			buildActionMask = 2147483647;
			files = (
			);
			inputPaths = (
				"${SRCROOT}/Pods/Target Support Files/Pods-podcast/Pods-podcast-frameworks.sh",
				"${BUILT_PRODUCTS_DIR}/Bolts/Bolts.framework",
				"${BUILT_PRODUCTS_DIR}/FBSDKCoreKit/FBSDKCoreKit.framework",
				"${BUILT_PRODUCTS_DIR}/FBSDKLoginKit/FBSDKLoginKit.framework",
				"${BUILT_PRODUCTS_DIR}/GTMOAuth2/GTMOAuth2.framework",
				"${BUILT_PRODUCTS_DIR}/GTMSessionFetcher/GTMSessionFetcher.framework",
				"${BUILT_PRODUCTS_DIR}/GoogleToolboxForMac/GoogleToolboxForMac.framework",
				"${BUILT_PRODUCTS_DIR}/nanopb/nanopb.framework",
			);
			name = "[CP] Embed Pods Frameworks";
			outputPaths = (
				"${TARGET_BUILD_DIR}/${FRAMEWORKS_FOLDER_PATH}/Bolts.framework",
				"${TARGET_BUILD_DIR}/${FRAMEWORKS_FOLDER_PATH}/FBSDKCoreKit.framework",
				"${TARGET_BUILD_DIR}/${FRAMEWORKS_FOLDER_PATH}/FBSDKLoginKit.framework",
				"${TARGET_BUILD_DIR}/${FRAMEWORKS_FOLDER_PATH}/GTMOAuth2.framework",
				"${TARGET_BUILD_DIR}/${FRAMEWORKS_FOLDER_PATH}/GTMSessionFetcher.framework",
				"${TARGET_BUILD_DIR}/${FRAMEWORKS_FOLDER_PATH}/GoogleToolboxForMac.framework",
				"${TARGET_BUILD_DIR}/${FRAMEWORKS_FOLDER_PATH}/nanopb.framework",
			);
			runOnlyForDeploymentPostprocessing = 0;
			shellPath = /bin/sh;
			shellScript = "\"${SRCROOT}/Pods/Target Support Files/Pods-podcast/Pods-podcast-frameworks.sh\"\n";
			showEnvVarsInLog = 0;
		};
		549CC4F4FF0711041709B5A8 /* [CP] Check Pods Manifest.lock */ = {
			isa = PBXShellScriptBuildPhase;
			buildActionMask = 2147483647;
			files = (
			);
			inputPaths = (
				"${PODS_PODFILE_DIR_PATH}/Podfile.lock",
				"${PODS_ROOT}/Manifest.lock",
			);
			name = "[CP] Check Pods Manifest.lock";
			outputPaths = (
				"$(DERIVED_FILE_DIR)/Pods-podcastUITests-checkManifestLockResult.txt",
			);
			runOnlyForDeploymentPostprocessing = 0;
			shellPath = /bin/sh;
			shellScript = "diff \"${PODS_PODFILE_DIR_PATH}/Podfile.lock\" \"${PODS_ROOT}/Manifest.lock\" > /dev/null\nif [ $? != 0 ] ; then\n    # print error to STDERR\n    echo \"error: The sandbox is not in sync with the Podfile.lock. Run 'pod install' or update your CocoaPods installation.\" >&2\n    exit 1\nfi\n# This output is used by Xcode 'outputs' to avoid re-running this script phase.\necho \"SUCCESS\" > \"${SCRIPT_OUTPUT_FILE_0}\"\n";
			showEnvVarsInLog = 0;
		};
		79A7F7DDBB9C967EA0AD3D90 /* [CP] Copy Pods Resources */ = {
			isa = PBXShellScriptBuildPhase;
			buildActionMask = 2147483647;
			files = (
			);
			inputPaths = (
				"${SRCROOT}/Pods/Target Support Files/Pods-podcast/Pods-podcast-resources.sh",
				"${PODS_CONFIGURATION_BUILD_DIR}/FirebaseUI/FirebaseAuthUI.bundle",
				"${PODS_CONFIGURATION_BUILD_DIR}/FirebaseUI/FirebaseFacebookAuthUI.bundle",
				"${PODS_CONFIGURATION_BUILD_DIR}/FirebaseUI/FirebaseGoogleAuthUI.bundle",
				"${PODS_ROOT}/GoogleSignIn/Resources/GoogleSignIn.bundle",
			);
			name = "[CP] Copy Pods Resources";
			outputPaths = (
				"${TARGET_BUILD_DIR}/${UNLOCALIZED_RESOURCES_FOLDER_PATH}/FirebaseAuthUI.bundle",
				"${TARGET_BUILD_DIR}/${UNLOCALIZED_RESOURCES_FOLDER_PATH}/FirebaseFacebookAuthUI.bundle",
				"${TARGET_BUILD_DIR}/${UNLOCALIZED_RESOURCES_FOLDER_PATH}/FirebaseGoogleAuthUI.bundle",
				"${TARGET_BUILD_DIR}/${UNLOCALIZED_RESOURCES_FOLDER_PATH}/GoogleSignIn.bundle",
			);
			runOnlyForDeploymentPostprocessing = 0;
			shellPath = /bin/sh;
			shellScript = "\"${SRCROOT}/Pods/Target Support Files/Pods-podcast/Pods-podcast-resources.sh\"\n";
			showEnvVarsInLog = 0;
		};
		7AD60DA565E3713E891FFF3E /* [CP] Check Pods Manifest.lock */ = {
			isa = PBXShellScriptBuildPhase;
			buildActionMask = 2147483647;
			files = (
			);
			inputPaths = (
				"${PODS_PODFILE_DIR_PATH}/Podfile.lock",
				"${PODS_ROOT}/Manifest.lock",
			);
			name = "[CP] Check Pods Manifest.lock";
			outputPaths = (
				"$(DERIVED_FILE_DIR)/Pods-podcastTests-checkManifestLockResult.txt",
			);
			runOnlyForDeploymentPostprocessing = 0;
			shellPath = /bin/sh;
			shellScript = "diff \"${PODS_PODFILE_DIR_PATH}/Podfile.lock\" \"${PODS_ROOT}/Manifest.lock\" > /dev/null\nif [ $? != 0 ] ; then\n    # print error to STDERR\n    echo \"error: The sandbox is not in sync with the Podfile.lock. Run 'pod install' or update your CocoaPods installation.\" >&2\n    exit 1\nfi\n# This output is used by Xcode 'outputs' to avoid re-running this script phase.\necho \"SUCCESS\" > \"${SCRIPT_OUTPUT_FILE_0}\"\n";
			showEnvVarsInLog = 0;
		};
		9F9436C38AF354BDF4B64297 /* [CP] Check Pods Manifest.lock */ = {
			isa = PBXShellScriptBuildPhase;
			buildActionMask = 2147483647;
			files = (
			);
			inputPaths = (
				"${PODS_PODFILE_DIR_PATH}/Podfile.lock",
				"${PODS_ROOT}/Manifest.lock",
			);
			name = "[CP] Check Pods Manifest.lock";
			outputPaths = (
				"$(DERIVED_FILE_DIR)/Pods-podcast-checkManifestLockResult.txt",
			);
			runOnlyForDeploymentPostprocessing = 0;
			shellPath = /bin/sh;
			shellScript = "diff \"${PODS_PODFILE_DIR_PATH}/Podfile.lock\" \"${PODS_ROOT}/Manifest.lock\" > /dev/null\nif [ $? != 0 ] ; then\n    # print error to STDERR\n    echo \"error: The sandbox is not in sync with the Podfile.lock. Run 'pod install' or update your CocoaPods installation.\" >&2\n    exit 1\nfi\n# This output is used by Xcode 'outputs' to avoid re-running this script phase.\necho \"SUCCESS\" > \"${SCRIPT_OUTPUT_FILE_0}\"\n";
			showEnvVarsInLog = 0;
		};
/* End PBXShellScriptBuildPhase section */

/* Begin PBXSourcesBuildPhase section */
		F68B57AD20F43987009A0001 /* Sources */ = {
			isa = PBXSourcesBuildPhase;
			buildActionMask = 2147483647;
			files = (
				F66FE15F210026780042CCA9 /* SignupViewController.swift in Sources */,
				F6E1005620F452FA009A9CE9 /* PodcastsTableViewController.swift in Sources */,
				F68B57B720F43987009A0001 /* ViewController.swift in Sources */,
				F6E1005420F447B2009A9CE9 /* PodcastTableViewCell.swift in Sources */,
				F68B57B520F43987009A0001 /* AppDelegate.swift in Sources */,
				F611F8A320FD8C8D00A086DC /* UploadAudioViewController.swift in Sources */,
			);
			runOnlyForDeploymentPostprocessing = 0;
		};
		F68B57C120F43989009A0001 /* Sources */ = {
			isa = PBXSourcesBuildPhase;
			buildActionMask = 2147483647;
			files = (
				F68B57CA20F43989009A0001 /* podcastTests.swift in Sources */,
			);
			runOnlyForDeploymentPostprocessing = 0;
		};
		F68B57CC20F43989009A0001 /* Sources */ = {
			isa = PBXSourcesBuildPhase;
			buildActionMask = 2147483647;
			files = (
				F68B57D520F43989009A0001 /* podcastUITests.swift in Sources */,
			);
			runOnlyForDeploymentPostprocessing = 0;
		};
/* End PBXSourcesBuildPhase section */

/* Begin PBXTargetDependency section */
		F68B57C720F43989009A0001 /* PBXTargetDependency */ = {
			isa = PBXTargetDependency;
			target = F68B57B020F43987009A0001 /* podcast */;
			targetProxy = F68B57C620F43989009A0001 /* PBXContainerItemProxy */;
		};
		F68B57D220F43989009A0001 /* PBXTargetDependency */ = {
			isa = PBXTargetDependency;
			target = F68B57B020F43987009A0001 /* podcast */;
			targetProxy = F68B57D120F43989009A0001 /* PBXContainerItemProxy */;
		};
/* End PBXTargetDependency section */

/* Begin PBXVariantGroup section */
		F68B57B820F43987009A0001 /* Main.storyboard */ = {
			isa = PBXVariantGroup;
			children = (
				F68B57B920F43987009A0001 /* Base */,
			);
			name = Main.storyboard;
			sourceTree = "<group>";
		};
		F68B57BD20F43989009A0001 /* LaunchScreen.storyboard */ = {
			isa = PBXVariantGroup;
			children = (
				F68B57BE20F43989009A0001 /* Base */,
			);
			name = LaunchScreen.storyboard;
			sourceTree = "<group>";
		};
/* End PBXVariantGroup section */

/* Begin XCBuildConfiguration section */
		F68B57D720F43989009A0001 /* Debug */ = {
			isa = XCBuildConfiguration;
			buildSettings = {
				ALWAYS_SEARCH_USER_PATHS = NO;
				CLANG_ANALYZER_NONNULL = YES;
				CLANG_ANALYZER_NUMBER_OBJECT_CONVERSION = YES_AGGRESSIVE;
				CLANG_CXX_LANGUAGE_STANDARD = "gnu++14";
				CLANG_CXX_LIBRARY = "libc++";
				CLANG_ENABLE_MODULES = YES;
				CLANG_ENABLE_OBJC_ARC = YES;
				CLANG_ENABLE_OBJC_WEAK = YES;
				CLANG_WARN_BLOCK_CAPTURE_AUTORELEASING = YES;
				CLANG_WARN_BOOL_CONVERSION = YES;
				CLANG_WARN_COMMA = YES;
				CLANG_WARN_CONSTANT_CONVERSION = YES;
				CLANG_WARN_DEPRECATED_OBJC_IMPLEMENTATIONS = YES;
				CLANG_WARN_DIRECT_OBJC_ISA_USAGE = YES_ERROR;
				CLANG_WARN_DOCUMENTATION_COMMENTS = YES;
				CLANG_WARN_EMPTY_BODY = YES;
				CLANG_WARN_ENUM_CONVERSION = YES;
				CLANG_WARN_INFINITE_RECURSION = YES;
				CLANG_WARN_INT_CONVERSION = YES;
				CLANG_WARN_NON_LITERAL_NULL_CONVERSION = YES;
				CLANG_WARN_OBJC_IMPLICIT_RETAIN_SELF = YES;
				CLANG_WARN_OBJC_LITERAL_CONVERSION = YES;
				CLANG_WARN_OBJC_ROOT_CLASS = YES_ERROR;
				CLANG_WARN_RANGE_LOOP_ANALYSIS = YES;
				CLANG_WARN_STRICT_PROTOTYPES = YES;
				CLANG_WARN_SUSPICIOUS_MOVE = YES;
				CLANG_WARN_UNGUARDED_AVAILABILITY = YES_AGGRESSIVE;
				CLANG_WARN_UNREACHABLE_CODE = YES;
				CLANG_WARN__DUPLICATE_METHOD_MATCH = YES;
				CODE_SIGN_IDENTITY = "iPhone Developer";
				COPY_PHASE_STRIP = NO;
				DEBUG_INFORMATION_FORMAT = dwarf;
				ENABLE_STRICT_OBJC_MSGSEND = YES;
				ENABLE_TESTABILITY = YES;
				GCC_C_LANGUAGE_STANDARD = gnu11;
				GCC_DYNAMIC_NO_PIC = NO;
				GCC_NO_COMMON_BLOCKS = YES;
				GCC_OPTIMIZATION_LEVEL = 0;
				GCC_PREPROCESSOR_DEFINITIONS = (
					"DEBUG=1",
					"$(inherited)",
				);
				GCC_WARN_64_TO_32_BIT_CONVERSION = YES;
				GCC_WARN_ABOUT_RETURN_TYPE = YES_ERROR;
				GCC_WARN_UNDECLARED_SELECTOR = YES;
				GCC_WARN_UNINITIALIZED_AUTOS = YES_AGGRESSIVE;
				GCC_WARN_UNUSED_FUNCTION = YES;
				GCC_WARN_UNUSED_VARIABLE = YES;
				IPHONEOS_DEPLOYMENT_TARGET = 11.4;
				MTL_ENABLE_DEBUG_INFO = YES;
				ONLY_ACTIVE_ARCH = YES;
				SDKROOT = iphoneos;
				SWIFT_ACTIVE_COMPILATION_CONDITIONS = DEBUG;
				SWIFT_OPTIMIZATION_LEVEL = "-Onone";
			};
			name = Debug;
		};
		F68B57D820F43989009A0001 /* Release */ = {
			isa = XCBuildConfiguration;
			buildSettings = {
				ALWAYS_SEARCH_USER_PATHS = NO;
				CLANG_ANALYZER_NONNULL = YES;
				CLANG_ANALYZER_NUMBER_OBJECT_CONVERSION = YES_AGGRESSIVE;
				CLANG_CXX_LANGUAGE_STANDARD = "gnu++14";
				CLANG_CXX_LIBRARY = "libc++";
				CLANG_ENABLE_MODULES = YES;
				CLANG_ENABLE_OBJC_ARC = YES;
				CLANG_ENABLE_OBJC_WEAK = YES;
				CLANG_WARN_BLOCK_CAPTURE_AUTORELEASING = YES;
				CLANG_WARN_BOOL_CONVERSION = YES;
				CLANG_WARN_COMMA = YES;
				CLANG_WARN_CONSTANT_CONVERSION = YES;
				CLANG_WARN_DEPRECATED_OBJC_IMPLEMENTATIONS = YES;
				CLANG_WARN_DIRECT_OBJC_ISA_USAGE = YES_ERROR;
				CLANG_WARN_DOCUMENTATION_COMMENTS = YES;
				CLANG_WARN_EMPTY_BODY = YES;
				CLANG_WARN_ENUM_CONVERSION = YES;
				CLANG_WARN_INFINITE_RECURSION = YES;
				CLANG_WARN_INT_CONVERSION = YES;
				CLANG_WARN_NON_LITERAL_NULL_CONVERSION = YES;
				CLANG_WARN_OBJC_IMPLICIT_RETAIN_SELF = YES;
				CLANG_WARN_OBJC_LITERAL_CONVERSION = YES;
				CLANG_WARN_OBJC_ROOT_CLASS = YES_ERROR;
				CLANG_WARN_RANGE_LOOP_ANALYSIS = YES;
				CLANG_WARN_STRICT_PROTOTYPES = YES;
				CLANG_WARN_SUSPICIOUS_MOVE = YES;
				CLANG_WARN_UNGUARDED_AVAILABILITY = YES_AGGRESSIVE;
				CLANG_WARN_UNREACHABLE_CODE = YES;
				CLANG_WARN__DUPLICATE_METHOD_MATCH = YES;
				CODE_SIGN_IDENTITY = "iPhone Developer";
				COPY_PHASE_STRIP = NO;
				DEBUG_INFORMATION_FORMAT = "dwarf-with-dsym";
				ENABLE_NS_ASSERTIONS = NO;
				ENABLE_STRICT_OBJC_MSGSEND = YES;
				GCC_C_LANGUAGE_STANDARD = gnu11;
				GCC_NO_COMMON_BLOCKS = YES;
				GCC_WARN_64_TO_32_BIT_CONVERSION = YES;
				GCC_WARN_ABOUT_RETURN_TYPE = YES_ERROR;
				GCC_WARN_UNDECLARED_SELECTOR = YES;
				GCC_WARN_UNINITIALIZED_AUTOS = YES_AGGRESSIVE;
				GCC_WARN_UNUSED_FUNCTION = YES;
				GCC_WARN_UNUSED_VARIABLE = YES;
				IPHONEOS_DEPLOYMENT_TARGET = 11.4;
				MTL_ENABLE_DEBUG_INFO = NO;
				SDKROOT = iphoneos;
				SWIFT_COMPILATION_MODE = wholemodule;
				SWIFT_OPTIMIZATION_LEVEL = "-O";
				VALIDATE_PRODUCT = YES;
			};
			name = Release;
		};
		F68B57DA20F43989009A0001 /* Debug */ = {
			isa = XCBuildConfiguration;
			baseConfigurationReference = 92EF01890AEABCBFED7F1EB5 /* Pods-podcast.debug.xcconfig */;
			buildSettings = {
				ASSETCATALOG_COMPILER_APPICON_NAME = AppIcon;
				CODE_SIGN_STYLE = Automatic;
				DEVELOPMENT_TEAM = 8V4XE9BJVC;
				INFOPLIST_FILE = podcast/Info.plist;
				LD_RUNPATH_SEARCH_PATHS = (
					"$(inherited)",
					"@executable_path/Frameworks",
				);
				PRODUCT_BUNDLE_IDENTIFIER = com.davefaliskie.podcast;
				PRODUCT_NAME = "$(TARGET_NAME)";
				SWIFT_VERSION = 4.0;
				TARGETED_DEVICE_FAMILY = "1,2";
			};
			name = Debug;
		};
		F68B57DB20F43989009A0001 /* Release */ = {
			isa = XCBuildConfiguration;
			baseConfigurationReference = 61204EF17EC06637D76F6F37 /* Pods-podcast.release.xcconfig */;
			buildSettings = {
				ASSETCATALOG_COMPILER_APPICON_NAME = AppIcon;
				CODE_SIGN_STYLE = Automatic;
				DEVELOPMENT_TEAM = 8V4XE9BJVC;
				INFOPLIST_FILE = podcast/Info.plist;
				LD_RUNPATH_SEARCH_PATHS = (
					"$(inherited)",
					"@executable_path/Frameworks",
				);
				PRODUCT_BUNDLE_IDENTIFIER = com.davefaliskie.podcast;
				PRODUCT_NAME = "$(TARGET_NAME)";
				SWIFT_VERSION = 4.0;
				TARGETED_DEVICE_FAMILY = "1,2";
			};
			name = Release;
		};
		F68B57DD20F43989009A0001 /* Debug */ = {
			isa = XCBuildConfiguration;
			baseConfigurationReference = ED548FCD10F875B58B1FD138 /* Pods-podcastTests.debug.xcconfig */;
			buildSettings = {
				ALWAYS_EMBED_SWIFT_STANDARD_LIBRARIES = YES;
				BUNDLE_LOADER = "$(TEST_HOST)";
				CODE_SIGN_STYLE = Automatic;
				DEVELOPMENT_TEAM = 8V4XE9BJVC;
				INFOPLIST_FILE = podcastTests/Info.plist;
				LD_RUNPATH_SEARCH_PATHS = (
					"$(inherited)",
					"@executable_path/Frameworks",
					"@loader_path/Frameworks",
				);
				PRODUCT_BUNDLE_IDENTIFIER = com.davefaliskie.podcastTests;
				PRODUCT_NAME = "$(TARGET_NAME)";
				SWIFT_VERSION = 4.0;
				TARGETED_DEVICE_FAMILY = "1,2";
				TEST_HOST = "$(BUILT_PRODUCTS_DIR)/podcast.app/podcast";
			};
			name = Debug;
		};
		F68B57DE20F43989009A0001 /* Release */ = {
			isa = XCBuildConfiguration;
			baseConfigurationReference = 755466618E28E11963183E4E /* Pods-podcastTests.release.xcconfig */;
			buildSettings = {
				ALWAYS_EMBED_SWIFT_STANDARD_LIBRARIES = YES;
				BUNDLE_LOADER = "$(TEST_HOST)";
				CODE_SIGN_STYLE = Automatic;
				DEVELOPMENT_TEAM = 8V4XE9BJVC;
				INFOPLIST_FILE = podcastTests/Info.plist;
				LD_RUNPATH_SEARCH_PATHS = (
					"$(inherited)",
					"@executable_path/Frameworks",
					"@loader_path/Frameworks",
				);
				PRODUCT_BUNDLE_IDENTIFIER = com.davefaliskie.podcastTests;
				PRODUCT_NAME = "$(TARGET_NAME)";
				SWIFT_VERSION = 4.0;
				TARGETED_DEVICE_FAMILY = "1,2";
				TEST_HOST = "$(BUILT_PRODUCTS_DIR)/podcast.app/podcast";
			};
			name = Release;
		};
		F68B57E020F43989009A0001 /* Debug */ = {
			isa = XCBuildConfiguration;
			baseConfigurationReference = D2759DC53515887C1B50A347 /* Pods-podcastUITests.debug.xcconfig */;
			buildSettings = {
				ALWAYS_EMBED_SWIFT_STANDARD_LIBRARIES = YES;
				CODE_SIGN_STYLE = Automatic;
				DEVELOPMENT_TEAM = 8V4XE9BJVC;
				INFOPLIST_FILE = podcastUITests/Info.plist;
				LD_RUNPATH_SEARCH_PATHS = (
					"$(inherited)",
					"@executable_path/Frameworks",
					"@loader_path/Frameworks",
				);
				PRODUCT_BUNDLE_IDENTIFIER = com.davefaliskie.podcastUITests;
				PRODUCT_NAME = "$(TARGET_NAME)";
				SWIFT_VERSION = 4.0;
				TARGETED_DEVICE_FAMILY = "1,2";
				TEST_TARGET_NAME = podcast;
			};
			name = Debug;
		};
		F68B57E120F43989009A0001 /* Release */ = {
			isa = XCBuildConfiguration;
			baseConfigurationReference = 9BAB9B2AECCA3D8D670CDAFF /* Pods-podcastUITests.release.xcconfig */;
			buildSettings = {
				ALWAYS_EMBED_SWIFT_STANDARD_LIBRARIES = YES;
				CODE_SIGN_STYLE = Automatic;
				DEVELOPMENT_TEAM = 8V4XE9BJVC;
				INFOPLIST_FILE = podcastUITests/Info.plist;
				LD_RUNPATH_SEARCH_PATHS = (
					"$(inherited)",
					"@executable_path/Frameworks",
					"@loader_path/Frameworks",
				);
				PRODUCT_BUNDLE_IDENTIFIER = com.davefaliskie.podcastUITests;
				PRODUCT_NAME = "$(TARGET_NAME)";
				SWIFT_VERSION = 4.0;
				TARGETED_DEVICE_FAMILY = "1,2";
				TEST_TARGET_NAME = podcast;
			};
			name = Release;
		};
/* End XCBuildConfiguration section */

/* Begin XCConfigurationList section */
		F68B57AC20F43987009A0001 /* Build configuration list for PBXProject "podcast" */ = {
			isa = XCConfigurationList;
			buildConfigurations = (
				F68B57D720F43989009A0001 /* Debug */,
				F68B57D820F43989009A0001 /* Release */,
			);
			defaultConfigurationIsVisible = 0;
			defaultConfigurationName = Release;
		};
		F68B57D920F43989009A0001 /* Build configuration list for PBXNativeTarget "podcast" */ = {
			isa = XCConfigurationList;
			buildConfigurations = (
				F68B57DA20F43989009A0001 /* Debug */,
				F68B57DB20F43989009A0001 /* Release */,
			);
			defaultConfigurationIsVisible = 0;
			defaultConfigurationName = Release;
		};
		F68B57DC20F43989009A0001 /* Build configuration list for PBXNativeTarget "podcastTests" */ = {
			isa = XCConfigurationList;
			buildConfigurations = (
				F68B57DD20F43989009A0001 /* Debug */,
				F68B57DE20F43989009A0001 /* Release */,
			);
			defaultConfigurationIsVisible = 0;
			defaultConfigurationName = Release;
		};
		F68B57DF20F43989009A0001 /* Build configuration list for PBXNativeTarget "podcastUITests" */ = {
			isa = XCConfigurationList;
			buildConfigurations = (
				F68B57E020F43989009A0001 /* Debug */,
				F68B57E120F43989009A0001 /* Release */,
			);
			defaultConfigurationIsVisible = 0;
			defaultConfigurationName = Release;
		};
/* End XCConfigurationList section */
	};
	rootObject = F68B57A920F43987009A0001 /* Project object */;
}
